{
  "requires": true,
  "lockfileVersion": 1,
  "dependencies": {
    "async-limiter": {
      "version": "http://registry.npm.taobao.org/async-limiter/download/async-limiter-1.0.0.tgz"
    },
    "safe-buffer": {
      "version": "http://registry.npm.taobao.org/safe-buffer/download/safe-buffer-5.1.1.tgz"
    },
    "ultron": {
      "version": "http://registry.npm.taobao.org/ultron/download/ultron-1.1.0.tgz"
    },
    "undefined": {
      "version": "0.1.0",
      "resolved": "https://registry.npmjs.org/undefined/-/undefined-0.1.0.tgz",
      "integrity": "sha1-m3BqSzKtMMIMpP5l3cu72sMr3tA="
    },
    "ws": {
      "version": "http://registry.npm.taobao.org/ws/download/ws-3.2.0.tgz",
      "requires": {
        "async-limiter": "http://registry.npm.taobao.org/async-limiter/download/async-limiter-1.0.0.tgz",
        "safe-buffer": "http://registry.npm.taobao.org/safe-buffer/download/safe-buffer-5.1.1.tgz",
        "ultron": "http://registry.npm.taobao.org/ultron/download/ultron-1.1.0.tgz"
      },
      "dependencies": {
        "async-limiter": {
          "version": "http://registry.npm.taobao.org/async-limiter/download/async-limiter-1.0.0.tgz"
        },
        "safe-buffer": {
          "version": "http://registry.npm.taobao.org/safe-buffer/download/safe-buffer-5.1.1.tgz"
        },
        "ultron": {
          "version": "http://registry.npm.taobao.org/ultron/download/ultron-1.1.0.tgz"
        }
      }
    }
  }
}
